
Microsoft Visual Studio Solution File, Format Version 12.00
# Visual Studio Version 17
VisualStudioVersion = 17.6.33723.286
MinimumVisualStudioVersion = 10.0.40219.1
Project("{FAE04EC0-301F-11D3-BF4B-00C04F79EFBC}") = "BlazorMaster.Server", "BlazorMaster\Server\BlazorMaster.Server.csproj", "{07CA1A02-CD88-41DA-8336-8925EA249852}"
EndProject
Project("{FAE04EC0-301F-11D3-BF4B-00C04F79EFBC}") = "BlazorMaster.Client", "BlazorMaster\Client\BlazorMaster.Client.csproj", "{5999E81F-7E74-4348-B50B-ECCAE3DC365E}"
EndProject
Project("{FAE04EC0-301F-11D3-BF4B-00C04F79EFBC}") = "BlazorMaster.Shared", "BlazorMaster\Shared\BlazorMaster.Shared.csproj", "{C28C0241-B19D-44FE-9F62-3F8CA4D2199F}"
EndProject
Global
	GlobalSection(SolutionConfigurationPlatforms) = preSolution
		Debug|Any CPU = Debug|Any CPU
		Release|Any CPU = Release|Any CPU
	EndGlobalSection
	GlobalSection(ProjectConfigurationPlatforms) = postSolution
		{07CA1A02-CD88-41DA-8336-8925EA249852}.Debug|Any CPU.ActiveCfg = Debug|Any CPU
		{07CA1A02-CD88-41DA-8336-8925EA249852}.Debug|Any CPU.Build.0 = Debug|Any CPU
		{07CA1A02-CD88-41DA-8336-8925EA249852}.Release|Any CPU.ActiveCfg = Release|Any CPU
		{07CA1A02-CD88-41DA-8336-8925EA249852}.Release|Any CPU.Build.0 = Release|Any CPU
		{5999E81F-7E74-4348-B50B-ECCAE3DC365E}.Debug|Any CPU.ActiveCfg = Debug|Any CPU
		{5999E81F-7E74-4348-B50B-ECCAE3DC365E}.Debug|Any CPU.Build.0 = Debug|Any CPU
		{5999E81F-7E74-4348-B50B-ECCAE3DC365E}.Release|Any CPU.ActiveCfg = Release|Any CPU
		{5999E81F-7E74-4348-B50B-ECCAE3DC365E}.Release|Any CPU.Build.0 = Release|Any CPU
		{C28C0241-B19D-44FE-9F62-3F8CA4D2199F}.Debug|Any CPU.ActiveCfg = Debug|Any CPU
		{C28C0241-B19D-44FE-9F62-3F8CA4D2199F}.Debug|Any CPU.Build.0 = Debug|Any CPU
		{C28C0241-B19D-44FE-9F62-3F8CA4D2199F}.Release|Any CPU.ActiveCfg = Release|Any CPU
		{C28C0241-B19D-44FE-9F62-3F8CA4D2199F}.Release|Any CPU.Build.0 = Release|Any CPU
	EndGlobalSection
	GlobalSection(SolutionProperties) = preSolution
		HideSolutionNode = FALSE
	EndGlobalSection
	GlobalSection(ExtensibilityGlobals) = postSolution
		SolutionGuid = {764FA31C-4F58-42C6-83F7-439F38FDD433}
	EndGlobalSection
EndGlobal
